
Microsoft Visual Studio Solution File, Format Version 12.00
# Visual Studio 2013
VisualStudioVersion = 12.0.30110.0
MinimumVisualStudioVersion = 10.0.40219.1
Project("{E24C65DC-7377-472B-9ABA-BC803B73C61A}") = "WebUi", "http://localhost:5883", "{DA71D5DC-A292-4861-8D2B-CC938D4892D0}"
	ProjectSection(WebsiteProperties) = preProject
		UseIISExpress = "true"
		TargetFrameworkMoniker = ".NETFramework,Version%3Dv4.0"
		ProjectReferences = "{9e9d5e10-7f97-4418-baaf-cf20d5ac1253}|RD.BAL.dll;{7f1c0a9d-63d6-4073-8aeb-92d199f92a5c}|RD.Model.dll;{CA93F883-D96A-4D26-B5FE-023F1635D1B4}|RD.DAL.dll;"
		Debug.AspNetCompiler.VirtualPath = "/localhost_5883"
		Debug.AspNetCompiler.PhysicalPath = "WebUi\"
		Debug.AspNetCompiler.TargetPath = "PrecompiledWeb\localhost_5883\"
		Debug.AspNetCompiler.Updateable = "true"
		Debug.AspNetCompiler.ForceOverwrite = "true"
		Debug.AspNetCompiler.FixedNames = "false"
		Debug.AspNetCompiler.Debug = "True"
		Release.AspNetCompiler.VirtualPath = "/localhost_5883"
		Release.AspNetCompiler.PhysicalPath = "WebUi\"
		Release.AspNetCompiler.TargetPath = "PrecompiledWeb\localhost_5883\"
		Release.AspNetCompiler.Updateable = "true"
		Release.AspNetCompiler.ForceOverwrite = "true"
		Release.AspNetCompiler.FixedNames = "false"
		Release.AspNetCompiler.Debug = "False"
		SlnRelativePath = "WebUi\"
		DefaultWebSiteLanguage = "Visual C#"
	EndProjectSection
EndProject
Project("{FAE04EC0-301F-11D3-BF4B-00C04F79EFBC}") = "RD.BAL", "RD.BAL\RD.BAL.csproj", "{9E9D5E10-7F97-4418-BAAF-CF20D5AC1253}"
EndProject
Project("{FAE04EC0-301F-11D3-BF4B-00C04F79EFBC}") = "RD.DAL", "RD.DAL\RD.DAL.csproj", "{CA93F883-D96A-4D26-B5FE-023F1635D1B4}"
EndProject
Project("{FAE04EC0-301F-11D3-BF4B-00C04F79EFBC}") = "RD.Model", "RD.Model\RD.Model.csproj", "{7F1C0A9D-63D6-4073-8AEB-92D199F92A5C}"
EndProject
Global
	GlobalSection(SolutionConfigurationPlatforms) = preSolution
		Debug|Any CPU = Debug|Any CPU
		Release|Any CPU = Release|Any CPU
	EndGlobalSection
	GlobalSection(ProjectConfigurationPlatforms) = postSolution
		{DA71D5DC-A292-4861-8D2B-CC938D4892D0}.Debug|Any CPU.ActiveCfg = Debug|Any CPU
		{DA71D5DC-A292-4861-8D2B-CC938D4892D0}.Debug|Any CPU.Build.0 = Debug|Any CPU
		{DA71D5DC-A292-4861-8D2B-CC938D4892D0}.Release|Any CPU.ActiveCfg = Debug|Any CPU
		{DA71D5DC-A292-4861-8D2B-CC938D4892D0}.Release|Any CPU.Build.0 = Debug|Any CPU
		{9E9D5E10-7F97-4418-BAAF-CF20D5AC1253}.Debug|Any CPU.ActiveCfg = Debug|Any CPU
		{9E9D5E10-7F97-4418-BAAF-CF20D5AC1253}.Debug|Any CPU.Build.0 = Debug|Any CPU
		{9E9D5E10-7F97-4418-BAAF-CF20D5AC1253}.Release|Any CPU.ActiveCfg = Release|Any CPU
		{9E9D5E10-7F97-4418-BAAF-CF20D5AC1253}.Release|Any CPU.Build.0 = Release|Any CPU
		{CA93F883-D96A-4D26-B5FE-023F1635D1B4}.Debug|Any CPU.ActiveCfg = Debug|Any CPU
		{CA93F883-D96A-4D26-B5FE-023F1635D1B4}.Debug|Any CPU.Build.0 = Debug|Any CPU
		{CA93F883-D96A-4D26-B5FE-023F1635D1B4}.Release|Any CPU.ActiveCfg = Release|Any CPU
		{CA93F883-D96A-4D26-B5FE-023F1635D1B4}.Release|Any CPU.Build.0 = Release|Any CPU
		{7F1C0A9D-63D6-4073-8AEB-92D199F92A5C}.Debug|Any CPU.ActiveCfg = Debug|Any CPU
		{7F1C0A9D-63D6-4073-8AEB-92D199F92A5C}.Debug|Any CPU.Build.0 = Debug|Any CPU
		{7F1C0A9D-63D6-4073-8AEB-92D199F92A5C}.Release|Any CPU.ActiveCfg = Release|Any CPU
		{7F1C0A9D-63D6-4073-8AEB-92D199F92A5C}.Release|Any CPU.Build.0 = Release|Any CPU
	EndGlobalSection
	GlobalSection(SolutionProperties) = preSolution
		HideSolutionNode = FALSE
	EndGlobalSection
EndGlobal
